
Microsoft Visual Studio Solution File, Format Version 12.00
# Visual Studio Version 16
VisualStudioVersion = 16.0.30621.155
MinimumVisualStudioVersion = 10.0.40219.1
Project("{FAE04EC0-301F-11D3-BF4B-00C04F79EFBC}") = "ZTextAdventure", "ZTextAdventure.csproj", "{F8EF7480-C1C2-4CC0-BA42-8D35B2C9061D}"
EndProject
Global
	GlobalSection(SolutionConfigurationPlatforms) = preSolution
		Debug|Any CPU = Debug|Any CPU
		Release|Any CPU = Release|Any CPU
	EndGlobalSection
	GlobalSection(ProjectConfigurationPlatforms) = postSolution
		{F8EF7480-C1C2-4CC0-BA42-8D35B2C9061D}.Debug|Any CPU.ActiveCfg = Debug|Any CPU
		{F8EF7480-C1C2-4CC0-BA42-8D35B2C9061D}.Debug|Any CPU.Build.0 = Debug|Any CPU
		{F8EF7480-C1C2-4CC0-BA42-8D35B2C9061D}.Release|Any CPU.ActiveCfg = Release|Any CPU
		{F8EF7480-C1C2-4CC0-BA42-8D35B2C9061D}.Release|Any CPU.Build.0 = Release|Any CPU
	EndGlobalSection
	GlobalSection(SolutionProperties) = preSolution
		HideSolutionNode = FALSE
	EndGlobalSection
	GlobalSection(ExtensibilityGlobals) = postSolution
		SolutionGuid = {AB84AF9B-2F49-4A46-8B93-3282B3E786D3}
	EndGlobalSection
EndGlobal
